
Microsoft Visual Studio Solution File, Format Version 12.00
# Visual Studio Version 17
VisualStudioVersion = 17.1.31911.260
MinimumVisualStudioVersion = 10.0.40219.1
Project("{9A19103F-16F7-4668-BE54-9A1E7A4F7556}") = "Pixel.Identity.Provider", "src\Pixel.Identity.Provider\Pixel.Identity.Provider.csproj", "{F779E136-A2F5-41FA-B4AB-02C9DE9C8CCB}"
EndProject
Project("{9A19103F-16F7-4668-BE54-9A1E7A4F7556}") = "Pixel.Identity.UI.Client", "src\Pixel.Identity.UI.Client\Pixel.Identity.UI.Client.csproj", "{F7E50B7A-C3EB-4DD6-9B19-67020C1F9C97}"
EndProject
Project("{9A19103F-16F7-4668-BE54-9A1E7A4F7556}") = "Pixel.Identity.Shared", "src\Pixel.Identity.Shared\Pixel.Identity.Shared.csproj", "{A549C971-2306-45A0-BDCD-D210523FFBB3}"
EndProject
Project("{E53339B2-1760-4266-BCC7-CA923CBCF16C}") = "docker-compose", "docker-compose.dcproj", "{8F59DA83-60F4-485A-B8C7-B17936EC00A2}"
EndProject
Project("{9A19103F-16F7-4668-BE54-9A1E7A4F7556}") = "Pixel.Identity.Store.Mongo", "src\Pixel.Identity.Store.Mongo\Pixel.Identity.Store.Mongo.csproj", "{4CBB3557-11B0-49D1-851C-1AB9884E8C5D}"
EndProject
Project("{9A19103F-16F7-4668-BE54-9A1E7A4F7556}") = "Pixel.Identity.Core", "src\Pixel.Identity.Core\Pixel.Identity.Core.csproj", "{E1581674-E28D-429B-B607-22EC81E44E89}"
EndProject
Project("{9A19103F-16F7-4668-BE54-9A1E7A4F7556}") = "Pixel.Identity.Messenger.Email", "src\Pixel.Identity.Messenger.Email\Pixel.Identity.Messenger.Email.csproj", "{E7F60792-6D88-40BB-A4F5-F70CC6B81396}"
EndProject
Project("{9A19103F-16F7-4668-BE54-9A1E7A4F7556}") = "Pixel.Identity.Store.PostgreSQL", "src\Pixel.Identity.Store.PostgreSQL\Pixel.Identity.Store.PostgreSQL.csproj", "{81343846-EC79-486E-930D-613E1B92E313}"
EndProject
Project("{9A19103F-16F7-4668-BE54-9A1E7A4F7556}") = "Pixel.Identity.Store.Sql.Shared", "src\Pixel.Identity.Store.Sql.Shared\Pixel.Identity.Store.Sql.Shared.csproj", "{F2BB8C99-30D7-4F6E-ABEC-3F218DF60870}"
EndProject
Project("{9A19103F-16F7-4668-BE54-9A1E7A4F7556}") = "Pixel.Identity.Store.SqlServer", "src\Pixel.Identity.Store.SqlServer\Pixel.Identity.Store.SqlServer.csproj", "{E67F20E6-B228-467A-9C40-1B38EAD35367}"
EndProject
Project("{9A19103F-16F7-4668-BE54-9A1E7A4F7556}") = "Pixel.Identity.Messenger.Console", "src\Pixel.Identity.Messenger.Console\Pixel.Identity.Messenger.Console.csproj", "{137631D2-6F14-43A2-885D-F61C63B7058C}"
EndProject
Project("{2150E333-8FDC-42A3-9474-1A3956D46DE8}") = "Samples", "Samples", "{D1F9C105-5E1A-42B0-A47F-3DD3B223AD8C}"
EndProject
Project("{9A19103F-16F7-4668-BE54-9A1E7A4F7556}") = "Sample.Service.Api", "samples\Sample.Service.Api\Sample.Service.Api.csproj", "{18ADE8F9-D7F2-400A-A2EB-78439F82A468}"
EndProject
Project("{9A19103F-16F7-4668-BE54-9A1E7A4F7556}") = "Samples.Blazor.App", "samples\Samples.Blazor.App\Samples.Blazor.App.csproj", "{7D75919B-B900-4370-A9AB-913104AEA2F0}"
EndProject
Project("{9A19103F-16F7-4668-BE54-9A1E7A4F7556}") = "Samples.Blazor.App.Host", "samples\Samples.Blazor.App.Host\Samples.Blazor.App.Host.csproj", "{535B958A-7CEF-43EC-9545-3CE999D74889}"
EndProject
Project("{2150E333-8FDC-42A3-9474-1A3956D46DE8}") = "Tests", "Tests", "{90291008-5EF2-4A1F-9B89-19216A3B017F}"
EndProject
Project("{9A19103F-16F7-4668-BE54-9A1E7A4F7556}") = "Pixel.Identity.UI.Tests", "src\Pixel.Identity.UI.Tests\Pixel.Identity.UI.Tests.csproj", "{440B2ECE-5DCF-481D-9C18-0EC8F4F18E98}"
EndProject
Project("{2150E333-8FDC-42A3-9474-1A3956D46DE8}") = ".github", ".github", "{2454553A-208B-4D0F-A877-66F67C550DB4}"
EndProject
Project("{2150E333-8FDC-42A3-9474-1A3956D46DE8}") = "workflows", "workflows", "{1872169C-F107-43FD-AE02-6DDF88241644}"
	ProjectSection(SolutionItems) = preProject
		.github\workflows\identity-build-and-test-docker.yaml = .github\workflows\identity-build-and-test-docker.yaml
		.github\workflows\identity-build-only.yaml = .github\workflows\identity-build-only.yaml
	EndProjectSection
EndProject
Global
	GlobalSection(SolutionConfigurationPlatforms) = preSolution
		Debug|Any CPU = Debug|Any CPU
		Debug|x64 = Debug|x64
		Debug|x86 = Debug|x86
		Release|Any CPU = Release|Any CPU
		Release|x64 = Release|x64
		Release|x86 = Release|x86
	EndGlobalSection
	GlobalSection(ProjectConfigurationPlatforms) = postSolution
		{F779E136-A2F5-41FA-B4AB-02C9DE9C8CCB}.Debug|Any CPU.ActiveCfg = Debug|Any CPU
		{F779E136-A2F5-41FA-B4AB-02C9DE9C8CCB}.Debug|Any CPU.Build.0 = Debug|Any CPU
		{F779E136-A2F5-41FA-B4AB-02C9DE9C8CCB}.Debug|x64.ActiveCfg = Debug|Any CPU
		{F779E136-A2F5-41FA-B4AB-02C9DE9C8CCB}.Debug|x64.Build.0 = Debug|Any CPU
		{F779E136-A2F5-41FA-B4AB-02C9DE9C8CCB}.Debug|x86.ActiveCfg = Debug|Any CPU
		{F779E136-A2F5-41FA-B4AB-02C9DE9C8CCB}.Debug|x86.Build.0 = Debug|Any CPU
		{F779E136-A2F5-41FA-B4AB-02C9DE9C8CCB}.Release|Any CPU.ActiveCfg = Release|Any CPU
		{F779E136-A2F5-41FA-B4AB-02C9DE9C8CCB}.Release|Any CPU.Build.0 = Release|Any CPU
		{F779E136-A2F5-41FA-B4AB-02C9DE9C8CCB}.Release|x64.ActiveCfg = Release|Any CPU
		{F779E136-A2F5-41FA-B4AB-02C9DE9C8CCB}.Release|x64.Build.0 = Release|Any CPU
		{F779E136-A2F5-41FA-B4AB-02C9DE9C8CCB}.Release|x86.ActiveCfg = Release|Any CPU
		{F779E136-A2F5-41FA-B4AB-02C9DE9C8CCB}.Release|x86.Build.0 = Release|Any CPU
		{F7E50B7A-C3EB-4DD6-9B19-67020C1F9C97}.Debug|Any CPU.ActiveCfg = Debug|Any CPU
		{F7E50B7A-C3EB-4DD6-9B19-67020C1F9C97}.Debug|Any CPU.Build.0 = Debug|Any CPU
		{F7E50B7A-C3EB-4DD6-9B19-67020C1F9C97}.Debug|x64.ActiveCfg = Debug|Any CPU
		{F7E50B7A-C3EB-4DD6-9B19-67020C1F9C97}.Debug|x64.Build.0 = Debug|Any CPU
		{F7E50B7A-C3EB-4DD6-9B19-67020C1F9C97}.Debug|x86.ActiveCfg = Debug|Any CPU
		{F7E50B7A-C3EB-4DD6-9B19-67020C1F9C97}.Debug|x86.Build.0 = Debug|Any CPU
		{F7E50B7A-C3EB-4DD6-9B19-67020C1F9C97}.Release|Any CPU.ActiveCfg = Release|Any CPU
		{F7E50B7A-C3EB-4DD6-9B19-67020C1F9C97}.Release|Any CPU.Build.0 = Release|Any CPU
		{F7E50B7A-C3EB-4DD6-9B19-67020C1F9C97}.Release|x64.ActiveCfg = Release|Any CPU
		{F7E50B7A-C3EB-4DD6-9B19-67020C1F9C97}.Release|x64.Build.0 = Release|Any CPU
		{F7E50B7A-C3EB-4DD6-9B19-67020C1F9C97}.Release|x86.ActiveCfg = Release|Any CPU
		{F7E50B7A-C3EB-4DD6-9B19-67020C1F9C97}.Release|x86.Build.0 = Release|Any CPU
		{A549C971-2306-45A0-BDCD-D210523FFBB3}.Debug|Any CPU.ActiveCfg = Debug|Any CPU
		{A549C971-2306-45A0-BDCD-D210523FFBB3}.Debug|Any CPU.Build.0 = Debug|Any CPU
		{A549C971-2306-45A0-BDCD-D210523FFBB3}.Debug|x64.ActiveCfg = Debug|Any CPU
		{A549C971-2306-45A0-BDCD-D210523FFBB3}.Debug|x64.Build.0 = Debug|Any CPU
		{A549C971-2306-45A0-BDCD-D210523FFBB3}.Debug|x86.ActiveCfg = Debug|Any CPU
		{A549C971-2306-45A0-BDCD-D210523FFBB3}.Debug|x86.Build.0 = Debug|Any CPU
		{A549C971-2306-45A0-BDCD-D210523FFBB3}.Release|Any CPU.ActiveCfg = Release|Any CPU
		{A549C971-2306-45A0-BDCD-D210523FFBB3}.Release|Any CPU.Build.0 = Release|Any CPU
		{A549C971-2306-45A0-BDCD-D210523FFBB3}.Release|x64.ActiveCfg = Release|Any CPU
		{A549C971-2306-45A0-BDCD-D210523FFBB3}.Release|x64.Build.0 = Release|Any CPU
		{A549C971-2306-45A0-BDCD-D210523FFBB3}.Release|x86.ActiveCfg = Release|Any CPU
		{A549C971-2306-45A0-BDCD-D210523FFBB3}.Release|x86.Build.0 = Release|Any CPU
		{8F59DA83-60F4-485A-B8C7-B17936EC00A2}.Debug|Any CPU.ActiveCfg = Debug|Any CPU
		{8F59DA83-60F4-485A-B8C7-B17936EC00A2}.Debug|Any CPU.Build.0 = Debug|Any CPU
		{8F59DA83-60F4-485A-B8C7-B17936EC00A2}.Debug|x64.ActiveCfg = Debug|Any CPU
		{8F59DA83-60F4-485A-B8C7-B17936EC00A2}.Debug|x64.Build.0 = Debug|Any CPU
		{8F59DA83-60F4-485A-B8C7-B17936EC00A2}.Debug|x86.ActiveCfg = Debug|Any CPU
		{8F59DA83-60F4-485A-B8C7-B17936EC00A2}.Debug|x86.Build.0 = Debug|Any CPU
		{8F59DA83-60F4-485A-B8C7-B17936EC00A2}.Release|Any CPU.ActiveCfg = Release|Any CPU
		{8F59DA83-60F4-485A-B8C7-B17936EC00A2}.Release|Any CPU.Build.0 = Release|Any CPU
		{8F59DA83-60F4-485A-B8C7-B17936EC00A2}.Release|x64.ActiveCfg = Release|Any CPU
		{8F59DA83-60F4-485A-B8C7-B17936EC00A2}.Release|x64.Build.0 = Release|Any CPU
		{8F59DA83-60F4-485A-B8C7-B17936EC00A2}.Release|x86.ActiveCfg = Release|Any CPU
		{8F59DA83-60F4-485A-B8C7-B17936EC00A2}.Release|x86.Build.0 = Release|Any CPU
		{4CBB3557-11B0-49D1-851C-1AB9884E8C5D}.Debug|Any CPU.ActiveCfg = Debug|Any CPU
		{4CBB3557-11B0-49D1-851C-1AB9884E8C5D}.Debug|Any CPU.Build.0 = Debug|Any CPU
		{4CBB3557-11B0-49D1-851C-1AB9884E8C5D}.Debug|x64.ActiveCfg = Debug|Any CPU
		{4CBB3557-11B0-49D1-851C-1AB9884E8C5D}.Debug|x64.Build.0 = Debug|Any CPU
		{4CBB3557-11B0-49D1-851C-1AB9884E8C5D}.Debug|x86.ActiveCfg = Debug|Any CPU
		{4CBB3557-11B0-49D1-851C-1AB9884E8C5D}.Debug|x86.Build.0 = Debug|Any CPU
		{4CBB3557-11B0-49D1-851C-1AB9884E8C5D}.Release|Any CPU.ActiveCfg = Release|Any CPU
		{4CBB3557-11B0-49D1-851C-1AB9884E8C5D}.Release|Any CPU.Build.0 = Release|Any CPU
		{4CBB3557-11B0-49D1-851C-1AB9884E8C5D}.Release|x64.ActiveCfg = Release|Any CPU
		{4CBB3557-11B0-49D1-851C-1AB9884E8C5D}.Release|x64.Build.0 = Release|Any CPU
		{4CBB3557-11B0-49D1-851C-1AB9884E8C5D}.Release|x86.ActiveCfg = Release|Any CPU
		{4CBB3557-11B0-49D1-851C-1AB9884E8C5D}.Release|x86.Build.0 = Release|Any CPU
		{E1581674-E28D-429B-B607-22EC81E44E89}.Debug|Any CPU.ActiveCfg = Debug|Any CPU
		{E1581674-E28D-429B-B607-22EC81E44E89}.Debug|Any CPU.Build.0 = Debug|Any CPU
		{E1581674-E28D-429B-B607-22EC81E44E89}.Debug|x64.ActiveCfg = Debug|Any CPU
		{E1581674-E28D-429B-B607-22EC81E44E89}.Debug|x64.Build.0 = Debug|Any CPU
		{E1581674-E28D-429B-B607-22EC81E44E89}.Debug|x86.ActiveCfg = Debug|Any CPU
		{E1581674-E28D-429B-B607-22EC81E44E89}.Debug|x86.Build.0 = Debug|Any CPU
		{E1581674-E28D-429B-B607-22EC81E44E89}.Release|Any CPU.ActiveCfg = Release|Any CPU
		{E1581674-E28D-429B-B607-22EC81E44E89}.Release|Any CPU.Build.0 = Release|Any CPU
		{E1581674-E28D-429B-B607-22EC81E44E89}.Release|x64.ActiveCfg = Release|Any CPU
		{E1581674-E28D-429B-B607-22EC81E44E89}.Release|x64.Build.0 = Release|Any CPU
		{E1581674-E28D-429B-B607-22EC81E44E89}.Release|x86.ActiveCfg = Release|Any CPU
		{E1581674-E28D-429B-B607-22EC81E44E89}.Release|x86.Build.0 = Release|Any CPU
		{E7F60792-6D88-40BB-A4F5-F70CC6B81396}.Debug|Any CPU.ActiveCfg = Debug|Any CPU
		{E7F60792-6D88-40BB-A4F5-F70CC6B81396}.Debug|Any CPU.Build.0 = Debug|Any CPU
		{E7F60792-6D88-40BB-A4F5-F70CC6B81396}.Debug|x64.ActiveCfg = Debug|Any CPU
		{E7F60792-6D88-40BB-A4F5-F70CC6B81396}.Debug|x64.Build.0 = Debug|Any CPU
		{E7F60792-6D88-40BB-A4F5-F70CC6B81396}.Debug|x86.ActiveCfg = Debug|Any CPU
		{E7F60792-6D88-40BB-A4F5-F70CC6B81396}.Debug|x86.Build.0 = Debug|Any CPU
		{E7F60792-6D88-40BB-A4F5-F70CC6B81396}.Release|Any CPU.ActiveCfg = Release|Any CPU
		{E7F60792-6D88-40BB-A4F5-F70CC6B81396}.Release|Any CPU.Build.0 = Release|Any CPU
		{E7F60792-6D88-40BB-A4F5-F70CC6B81396}.Release|x64.ActiveCfg = Release|Any CPU
		{E7F60792-6D88-40BB-A4F5-F70CC6B81396}.Release|x64.Build.0 = Release|Any CPU
		{E7F60792-6D88-40BB-A4F5-F70CC6B81396}.Release|x86.ActiveCfg = Release|Any CPU
		{E7F60792-6D88-40BB-A4F5-F70CC6B81396}.Release|x86.Build.0 = Release|Any CPU
		{81343846-EC79-486E-930D-613E1B92E313}.Debug|Any CPU.ActiveCfg = Debug|Any CPU
		{81343846-EC79-486E-930D-613E1B92E313}.Debug|Any CPU.Build.0 = Debug|Any CPU
		{81343846-EC79-486E-930D-613E1B92E313}.Debug|x64.ActiveCfg = Debug|Any CPU
		{81343846-EC79-486E-930D-613E1B92E313}.Debug|x64.Build.0 = Debug|Any CPU
		{81343846-EC79-486E-930D-613E1B92E313}.Debug|x86.ActiveCfg = Debug|Any CPU
		{81343846-EC79-486E-930D-613E1B92E313}.Debug|x86.Build.0 = Debug|Any CPU
		{81343846-EC79-486E-930D-613E1B92E313}.Release|Any CPU.ActiveCfg = Release|Any CPU
		{81343846-EC79-486E-930D-613E1B92E313}.Release|Any CPU.Build.0 = Release|Any CPU
		{81343846-EC79-486E-930D-613E1B92E313}.Release|x64.ActiveCfg = Release|Any CPU
		{81343846-EC79-486E-930D-613E1B92E313}.Release|x64.Build.0 = Release|Any CPU
		{81343846-EC79-486E-930D-613E1B92E313}.Release|x86.ActiveCfg = Release|Any CPU
		{81343846-EC79-486E-930D-613E1B92E313}.Release|x86.Build.0 = Release|Any CPU
		{F2BB8C99-30D7-4F6E-ABEC-3F218DF60870}.Debug|Any CPU.ActiveCfg = Debug|Any CPU
		{F2BB8C99-30D7-4F6E-ABEC-3F218DF60870}.Debug|Any CPU.Build.0 = Debug|Any CPU
		{F2BB8C99-30D7-4F6E-ABEC-3F218DF60870}.Debug|x64.ActiveCfg = Debug|Any CPU
		{F2BB8C99-30D7-4F6E-ABEC-3F218DF60870}.Debug|x64.Build.0 = Debug|Any CPU
		{F2BB8C99-30D7-4F6E-ABEC-3F218DF60870}.Debug|x86.ActiveCfg = Debug|Any CPU
		{F2BB8C99-30D7-4F6E-ABEC-3F218DF60870}.Debug|x86.Build.0 = Debug|Any CPU
		{F2BB8C99-30D7-4F6E-ABEC-3F218DF60870}.Release|Any CPU.ActiveCfg = Release|Any CPU
		{F2BB8C99-30D7-4F6E-ABEC-3F218DF60870}.Release|Any CPU.Build.0 = Release|Any CPU
		{F2BB8C99-30D7-4F6E-ABEC-3F218DF60870}.Release|x64.ActiveCfg = Release|Any CPU
		{F2BB8C99-30D7-4F6E-ABEC-3F218DF60870}.Release|x64.Build.0 = Release|Any CPU
		{F2BB8C99-30D7-4F6E-ABEC-3F218DF60870}.Release|x86.ActiveCfg = Release|Any CPU
		{F2BB8C99-30D7-4F6E-ABEC-3F218DF60870}.Release|x86.Build.0 = Release|Any CPU
		{E67F20E6-B228-467A-9C40-1B38EAD35367}.Debug|Any CPU.ActiveCfg = Debug|Any CPU
		{E67F20E6-B228-467A-9C40-1B38EAD35367}.Debug|Any CPU.Build.0 = Debug|Any CPU
		{E67F20E6-B228-467A-9C40-1B38EAD35367}.Debug|x64.ActiveCfg = Debug|Any CPU
		{E67F20E6-B228-467A-9C40-1B38EAD35367}.Debug|x64.Build.0 = Debug|Any CPU
		{E67F20E6-B228-467A-9C40-1B38EAD35367}.Debug|x86.ActiveCfg = Debug|Any CPU
		{E67F20E6-B228-467A-9C40-1B38EAD35367}.Debug|x86.Build.0 = Debug|Any CPU
		{E67F20E6-B228-467A-9C40-1B38EAD35367}.Release|Any CPU.ActiveCfg = Release|Any CPU
		{E67F20E6-B228-467A-9C40-1B38EAD35367}.Release|Any CPU.Build.0 = Release|Any CPU
		{E67F20E6-B228-467A-9C40-1B38EAD35367}.Release|x64.ActiveCfg = Release|Any CPU
		{E67F20E6-B228-467A-9C40-1B38EAD35367}.Release|x64.Build.0 = Release|Any CPU
		{E67F20E6-B228-467A-9C40-1B38EAD35367}.Release|x86.ActiveCfg = Release|Any CPU
		{E67F20E6-B228-467A-9C40-1B38EAD35367}.Release|x86.Build.0 = Release|Any CPU
		{137631D2-6F14-43A2-885D-F61C63B7058C}.Debug|Any CPU.ActiveCfg = Debug|Any CPU
		{137631D2-6F14-43A2-885D-F61C63B7058C}.Debug|Any CPU.Build.0 = Debug|Any CPU
		{137631D2-6F14-43A2-885D-F61C63B7058C}.Debug|x64.ActiveCfg = Debug|Any CPU
		{137631D2-6F14-43A2-885D-F61C63B7058C}.Debug|x64.Build.0 = Debug|Any CPU
		{137631D2-6F14-43A2-885D-F61C63B7058C}.Debug|x86.ActiveCfg = Debug|Any CPU
		{137631D2-6F14-43A2-885D-F61C63B7058C}.Debug|x86.Build.0 = Debug|Any CPU
		{137631D2-6F14-43A2-885D-F61C63B7058C}.Release|Any CPU.ActiveCfg = Release|Any CPU
		{137631D2-6F14-43A2-885D-F61C63B7058C}.Release|Any CPU.Build.0 = Release|Any CPU
		{137631D2-6F14-43A2-885D-F61C63B7058C}.Release|x64.ActiveCfg = Release|Any CPU
		{137631D2-6F14-43A2-885D-F61C63B7058C}.Release|x64.Build.0 = Release|Any CPU
		{137631D2-6F14-43A2-885D-F61C63B7058C}.Release|x86.ActiveCfg = Release|Any CPU
		{137631D2-6F14-43A2-885D-F61C63B7058C}.Release|x86.Build.0 = Release|Any CPU
		{18ADE8F9-D7F2-400A-A2EB-78439F82A468}.Debug|Any CPU.ActiveCfg = Debug|Any CPU
		{18ADE8F9-D7F2-400A-A2EB-78439F82A468}.Debug|Any CPU.Build.0 = Debug|Any CPU
		{18ADE8F9-D7F2-400A-A2EB-78439F82A468}.Debug|x64.ActiveCfg = Debug|Any CPU
		{18ADE8F9-D7F2-400A-A2EB-78439F82A468}.Debug|x64.Build.0 = Debug|Any CPU
		{18ADE8F9-D7F2-400A-A2EB-78439F82A468}.Debug|x86.ActiveCfg = Debug|Any CPU
		{18ADE8F9-D7F2-400A-A2EB-78439F82A468}.Debug|x86.Build.0 = Debug|Any CPU
		{18ADE8F9-D7F2-400A-A2EB-78439F82A468}.Release|Any CPU.ActiveCfg = Release|Any CPU
		{18ADE8F9-D7F2-400A-A2EB-78439F82A468}.Release|Any CPU.Build.0 = Release|Any CPU
		{18ADE8F9-D7F2-400A-A2EB-78439F82A468}.Release|x64.ActiveCfg = Release|Any CPU
		{18ADE8F9-D7F2-400A-A2EB-78439F82A468}.Release|x64.Build.0 = Release|Any CPU
		{18ADE8F9-D7F2-400A-A2EB-78439F82A468}.Release|x86.ActiveCfg = Release|Any CPU
		{18ADE8F9-D7F2-400A-A2EB-78439F82A468}.Release|x86.Build.0 = Release|Any CPU
		{7D75919B-B900-4370-A9AB-913104AEA2F0}.Debug|Any CPU.ActiveCfg = Debug|Any CPU
		{7D75919B-B900-4370-A9AB-913104AEA2F0}.Debug|Any CPU.Build.0 = Debug|Any CPU
		{7D75919B-B900-4370-A9AB-913104AEA2F0}.Debug|x64.ActiveCfg = Debug|Any CPU
		{7D75919B-B900-4370-A9AB-913104AEA2F0}.Debug|x64.Build.0 = Debug|Any CPU
		{7D75919B-B900-4370-A9AB-913104AEA2F0}.Debug|x86.ActiveCfg = Debug|Any CPU
		{7D75919B-B900-4370-A9AB-913104AEA2F0}.Debug|x86.Build.0 = Debug|Any CPU
		{7D75919B-B900-4370-A9AB-913104AEA2F0}.Release|Any CPU.ActiveCfg = Release|Any CPU
		{7D75919B-B900-4370-A9AB-913104AEA2F0}.Release|Any CPU.Build.0 = Release|Any CPU
		{7D75919B-B900-4370-A9AB-913104AEA2F0}.Release|x64.ActiveCfg = Release|Any CPU
		{7D75919B-B900-4370-A9AB-913104AEA2F0}.Release|x64.Build.0 = Release|Any CPU
		{7D75919B-B900-4370-A9AB-913104AEA2F0}.Release|x86.ActiveCfg = Release|Any CPU
		{7D75919B-B900-4370-A9AB-913104AEA2F0}.Release|x86.Build.0 = Release|Any CPU
		{535B958A-7CEF-43EC-9545-3CE999D74889}.Debug|Any CPU.ActiveCfg = Debug|Any CPU
		{535B958A-7CEF-43EC-9545-3CE999D74889}.Debug|Any CPU.Build.0 = Debug|Any CPU
		{535B958A-7CEF-43EC-9545-3CE999D74889}.Debug|x64.ActiveCfg = Debug|Any CPU
		{535B958A-7CEF-43EC-9545-3CE999D74889}.Debug|x64.Build.0 = Debug|Any CPU
		{535B958A-7CEF-43EC-9545-3CE999D74889}.Debug|x86.ActiveCfg = Debug|Any CPU
		{535B958A-7CEF-43EC-9545-3CE999D74889}.Debug|x86.Build.0 = Debug|Any CPU
		{535B958A-7CEF-43EC-9545-3CE999D74889}.Release|Any CPU.ActiveCfg = Release|Any CPU
		{535B958A-7CEF-43EC-9545-3CE999D74889}.Release|Any CPU.Build.0 = Release|Any CPU
		{535B958A-7CEF-43EC-9545-3CE999D74889}.Release|x64.ActiveCfg = Release|Any CPU
		{535B958A-7CEF-43EC-9545-3CE999D74889}.Release|x64.Build.0 = Release|Any CPU
		{535B958A-7CEF-43EC-9545-3CE999D74889}.Release|x86.ActiveCfg = Release|Any CPU
		{535B958A-7CEF-43EC-9545-3CE999D74889}.Release|x86.Build.0 = Release|Any CPU
		{440B2ECE-5DCF-481D-9C18-0EC8F4F18E98}.Debug|Any CPU.ActiveCfg = Debug|Any CPU
		{440B2ECE-5DCF-481D-9C18-0EC8F4F18E98}.Debug|Any CPU.Build.0 = Debug|Any CPU
		{440B2ECE-5DCF-481D-9C18-0EC8F4F18E98}.Debug|x64.ActiveCfg = Debug|Any CPU
		{440B2ECE-5DCF-481D-9C18-0EC8F4F18E98}.Debug|x64.Build.0 = Debug|Any CPU
		{440B2ECE-5DCF-481D-9C18-0EC8F4F18E98}.Debug|x86.ActiveCfg = Debug|Any CPU
		{440B2ECE-5DCF-481D-9C18-0EC8F4F18E98}.Debug|x86.Build.0 = Debug|Any CPU
		{440B2ECE-5DCF-481D-9C18-0EC8F4F18E98}.Release|Any CPU.ActiveCfg = Release|Any CPU
		{440B2ECE-5DCF-481D-9C18-0EC8F4F18E98}.Release|Any CPU.Build.0 = Release|Any CPU
		{440B2ECE-5DCF-481D-9C18-0EC8F4F18E98}.Release|x64.ActiveCfg = Release|Any CPU
		{440B2ECE-5DCF-481D-9C18-0EC8F4F18E98}.Release|x64.Build.0 = Release|Any CPU
		{440B2ECE-5DCF-481D-9C18-0EC8F4F18E98}.Release|x86.ActiveCfg = Release|Any CPU
		{440B2ECE-5DCF-481D-9C18-0EC8F4F18E98}.Release|x86.Build.0 = Release|Any CPU
	EndGlobalSection
	GlobalSection(SolutionProperties) = preSolution
		HideSolutionNode = FALSE
	EndGlobalSection
	GlobalSection(NestedProjects) = preSolution
		{18ADE8F9-D7F2-400A-A2EB-78439F82A468} = {D1F9C105-5E1A-42B0-A47F-3DD3B223AD8C}
		{7D75919B-B900-4370-A9AB-913104AEA2F0} = {D1F9C105-5E1A-42B0-A47F-3DD3B223AD8C}
		{535B958A-7CEF-43EC-9545-3CE999D74889} = {D1F9C105-5E1A-42B0-A47F-3DD3B223AD8C}
		{440B2ECE-5DCF-481D-9C18-0EC8F4F18E98} = {90291008-5EF2-4A1F-9B89-19216A3B017F}
		{1872169C-F107-43FD-AE02-6DDF88241644} = {2454553A-208B-4D0F-A877-66F67C550DB4}
	EndGlobalSection
	GlobalSection(ExtensibilityGlobals) = postSolution
		SolutionGuid = {D2D4C886-7F44-4E77-9010-D9AB3C1B559C}
	EndGlobalSection
EndGlobal
